
Microsoft Visual Studio Solution File, Format Version 10.00
# Visual Studio 2008
Project("{FAE04EC0-301F-11D3-BF4B-00C04F79EFBC}") = "Hineini.FireEagle", "Hineini.FireEagle\Hineini.FireEagle.csproj", "{D77C340C-D6B4-4B35-B76F-593D6F3C1701}"
EndProject
Project("{FAE04EC0-301F-11D3-BF4B-00C04F79EFBC}") = "Hineini", "Hineini\Hineini.csproj", "{F5926DB4-5243-4C5D-989E-2A0062EFC1A8}"
EndProject
Project("{FAE04EC0-301F-11D3-BF4B-00C04F79EFBC}") = "Hineini.Location", "Hineini.Location\Hineini.Location.csproj", "{0D448612-DB16-412F-841C-65353910A730}"
EndProject
Project("{FAE04EC0-301F-11D3-BF4B-00C04F79EFBC}") = "Hineini.Encryption", "Hineini.Encryption\Hineini.Encryption.csproj", "{CA7F6927-69B7-47BC-B9AE-26BCF41B7E4C}"
EndProject
Project("{2150E333-8FDC-42A3-9474-1A3956D46DE8}") = "DevNotes", "DevNotes", "{75F6E34A-5214-46CD-B8D3-83B879AF2485}"
	ProjectSection(SolutionItems) = preProject
		releaseNotes.txt = releaseNotes.txt
	EndProjectSection
EndProject
Project("{FAE04EC0-301F-11D3-BF4B-00C04F79EFBC}") = "Hineini.Utility", "Hineini.Utility\Hineini.Utility.csproj", "{96F89D48-B24C-4EDC-8748-346FF82DBCB6}"
EndProject
Project("{FAE04EC0-301F-11D3-BF4B-00C04F79EFBC}") = "Hineini.Maps", "Hineini.Maps\Hineini.Maps.csproj", "{4992D85C-51DF-4071-AA99-D9C917D570B5}"
EndProject
Project("{B900F1C2-3D47-4FEC-85B3-04AAF18C3634}") = "Hineini.Install", "Hineini.Install\Hineini.Install.vddproj", "{2C8B2A46-BF39-44C0-9936-17555CBFC3B7}"
EndProject
Global
	GlobalSection(SubversionScc) = preSolution
		Svn-Managed = True
		Manager = AnkhSVN - Subversion Support for Visual Studio
	EndGlobalSection
	GlobalSection(SolutionConfigurationPlatforms) = preSolution
		Debug|Any CPU = Debug|Any CPU
		Release|Any CPU = Release|Any CPU
	EndGlobalSection
	GlobalSection(ProjectConfigurationPlatforms) = postSolution
		{D77C340C-D6B4-4B35-B76F-593D6F3C1701}.Debug|Any CPU.ActiveCfg = Debug|Any CPU
		{D77C340C-D6B4-4B35-B76F-593D6F3C1701}.Debug|Any CPU.Build.0 = Debug|Any CPU
		{D77C340C-D6B4-4B35-B76F-593D6F3C1701}.Release|Any CPU.ActiveCfg = Release|Any CPU
		{D77C340C-D6B4-4B35-B76F-593D6F3C1701}.Release|Any CPU.Build.0 = Release|Any CPU
		{F5926DB4-5243-4C5D-989E-2A0062EFC1A8}.Debug|Any CPU.ActiveCfg = Debug|Any CPU
		{F5926DB4-5243-4C5D-989E-2A0062EFC1A8}.Debug|Any CPU.Build.0 = Debug|Any CPU
		{F5926DB4-5243-4C5D-989E-2A0062EFC1A8}.Release|Any CPU.ActiveCfg = Release|Any CPU
		{F5926DB4-5243-4C5D-989E-2A0062EFC1A8}.Release|Any CPU.Build.0 = Release|Any CPU
		{0D448612-DB16-412F-841C-65353910A730}.Debug|Any CPU.ActiveCfg = Debug|Any CPU
		{0D448612-DB16-412F-841C-65353910A730}.Debug|Any CPU.Build.0 = Debug|Any CPU
		{0D448612-DB16-412F-841C-65353910A730}.Release|Any CPU.ActiveCfg = Release|Any CPU
		{0D448612-DB16-412F-841C-65353910A730}.Release|Any CPU.Build.0 = Release|Any CPU
		{CA7F6927-69B7-47BC-B9AE-26BCF41B7E4C}.Debug|Any CPU.ActiveCfg = Debug|Any CPU
		{CA7F6927-69B7-47BC-B9AE-26BCF41B7E4C}.Debug|Any CPU.Build.0 = Debug|Any CPU
		{CA7F6927-69B7-47BC-B9AE-26BCF41B7E4C}.Release|Any CPU.ActiveCfg = Release|Any CPU
		{CA7F6927-69B7-47BC-B9AE-26BCF41B7E4C}.Release|Any CPU.Build.0 = Release|Any CPU
		{96F89D48-B24C-4EDC-8748-346FF82DBCB6}.Debug|Any CPU.ActiveCfg = Debug|Any CPU
		{96F89D48-B24C-4EDC-8748-346FF82DBCB6}.Debug|Any CPU.Build.0 = Debug|Any CPU
		{96F89D48-B24C-4EDC-8748-346FF82DBCB6}.Release|Any CPU.ActiveCfg = Release|Any CPU
		{96F89D48-B24C-4EDC-8748-346FF82DBCB6}.Release|Any CPU.Build.0 = Release|Any CPU
		{4992D85C-51DF-4071-AA99-D9C917D570B5}.Debug|Any CPU.ActiveCfg = Debug|Any CPU
		{4992D85C-51DF-4071-AA99-D9C917D570B5}.Debug|Any CPU.Build.0 = Debug|Any CPU
		{4992D85C-51DF-4071-AA99-D9C917D570B5}.Release|Any CPU.ActiveCfg = Release|Any CPU
		{4992D85C-51DF-4071-AA99-D9C917D570B5}.Release|Any CPU.Build.0 = Release|Any CPU
		{2C8B2A46-BF39-44C0-9936-17555CBFC3B7}.Debug|Any CPU.ActiveCfg = Debug
		{2C8B2A46-BF39-44C0-9936-17555CBFC3B7}.Release|Any CPU.ActiveCfg = Release
	EndGlobalSection
	GlobalSection(SolutionProperties) = preSolution
		HideSolutionNode = FALSE
	EndGlobalSection
EndGlobal
